
Microsoft Visual Studio Solution File, Format Version 12.00
# Visual Studio Version 17
VisualStudioVersion = 17.12.35527.113 d17.12
MinimumVisualStudioVersion = 10.0.40219.1
Project("{FAE04EC0-301F-11D3-BF4B-00C04F79EFBC}") = "NorthwindManagementApp", "NorthwindManagementApp\NorthwindManagementApp.csproj", "{6147B3D6-1E94-4AA2-BBCE-581A9963CF1A}"
EndProject
Global
	GlobalSection(SolutionConfigurationPlatforms) = preSolution
		Debug|Any CPU = Debug|Any CPU
		Release|Any CPU = Release|Any CPU
	EndGlobalSection
	GlobalSection(ProjectConfigurationPlatforms) = postSolution
		{6147B3D6-1E94-4AA2-BBCE-581A9963CF1A}.Debug|Any CPU.ActiveCfg = Debug|Any CPU
		{6147B3D6-1E94-4AA2-BBCE-581A9963CF1A}.Debug|Any CPU.Build.0 = Debug|Any CPU
		{6147B3D6-1E94-4AA2-BBCE-581A9963CF1A}.Release|Any CPU.ActiveCfg = Release|Any CPU
		{6147B3D6-1E94-4AA2-BBCE-581A9963CF1A}.Release|Any CPU.Build.0 = Release|Any CPU
	EndGlobalSection
	GlobalSection(SolutionProperties) = preSolution
		HideSolutionNode = FALSE
	EndGlobalSection
EndGlobal
